
Microsoft Visual Studio Solution File, Format Version 12.00
# Visual Studio Version 16
VisualStudioVersion = 16.0.31410.357
MinimumVisualStudioVersion = 10.0.40219.1
Project("{FAE04EC0-301F-11D3-BF4B-00C04F79EFBC}") = "DisconnectedEnvironment", "DisconnectedEnvironment\DisconnectedEnvironment.csproj", "{024FDFC8-7DDD-4520-A52A-4779BDCB9E47}"
EndProject
Global
	GlobalSection(SolutionConfigurationPlatforms) = preSolution
		Debug|Any CPU = Debug|Any CPU
		Release|Any CPU = Release|Any CPU
	EndGlobalSection
	GlobalSection(ProjectConfigurationPlatforms) = postSolution
		{024FDFC8-7DDD-4520-A52A-4779BDCB9E47}.Debug|Any CPU.ActiveCfg = Debug|Any CPU
		{024FDFC8-7DDD-4520-A52A-4779BDCB9E47}.Debug|Any CPU.Build.0 = Debug|Any CPU
		{024FDFC8-7DDD-4520-A52A-4779BDCB9E47}.Release|Any CPU.ActiveCfg = Release|Any CPU
		{024FDFC8-7DDD-4520-A52A-4779BDCB9E47}.Release|Any CPU.Build.0 = Release|Any CPU
	EndGlobalSection
	GlobalSection(SolutionProperties) = preSolution
		HideSolutionNode = FALSE
	EndGlobalSection
	GlobalSection(ExtensibilityGlobals) = postSolution
		SolutionGuid = {558F6852-B46C-403E-8E88-111BBF0E5306}
	EndGlobalSection
EndGlobal
